// !$*UTF8*$!
{
	archiveVersion = 1;
	classes = {
	};
	objectVersion = 48;
	objects = {

/* Begin PBXBuildFile section */
		66C98EF62051FEF9008FDE02 /* SwiftyJSON.framework in Frameworks */ = {isa = PBXBuildFile; fileRef = 66C98EF02051FEE5008FDE02 /* SwiftyJSON.framework */; };
		66C98EF72051FEF9008FDE02 /* SwiftyJSON.framework in Embed Frameworks */ = {isa = PBXBuildFile; fileRef = 66C98EF02051FEE5008FDE02 /* SwiftyJSON.framework */; settings = {ATTRIBUTES = (CodeSignOnCopy, RemoveHeadersOnCopy, ); }; };
		66C98EF82051FEF9008FDE02 /* M4ATools.framework in Frameworks */ = {isa = PBXBuildFile; fileRef = 66C98EEE2051FED1008FDE02 /* M4ATools.framework */; };
		66C98EF92051FEF9008FDE02 /* M4ATools.framework in Embed Frameworks */ = {isa = PBXBuildFile; fileRef = 66C98EEE2051FED1008FDE02 /* M4ATools.framework */; settings = {ATTRIBUTES = (CodeSignOnCopy, RemoveHeadersOnCopy, ); }; };
		66C98EFC2051FF22008FDE02 /* iTunesSearcher.swift in Sources */ = {isa = PBXBuildFile; fileRef = 66C98EFB2051FF22008FDE02 /* iTunesSearcher.swift */; };
		66DBC9C72035F912008B0933 /* AppDelegate.swift in Sources */ = {isa = PBXBuildFile; fileRef = 66DBC9C62035F912008B0933 /* AppDelegate.swift */; };
		66DBC9C92035F912008B0933 /* Assets.xcassets in Resources */ = {isa = PBXBuildFile; fileRef = 66DBC9C82035F912008B0933 /* Assets.xcassets */; };
		66DBC9D82035F912008B0933 /* MusiclerTests.swift in Sources */ = {isa = PBXBuildFile; fileRef = 66DBC9D72035F912008B0933 /* MusiclerTests.swift */; };
		66FC622420519996001BE479 /* Main.storyboard in Resources */ = {isa = PBXBuildFile; fileRef = 66FC622320519996001BE479 /* Main.storyboard */; };
		66FC622620519A2D001BE479 /* MusicDropViewController.swift in Sources */ = {isa = PBXBuildFile; fileRef = 66FC622520519A2D001BE479 /* MusicDropViewController.swift */; };
		66FC622820519ACB001BE479 /* MusicDropView.swift in Sources */ = {isa = PBXBuildFile; fileRef = 66FC622720519ACB001BE479 /* MusicDropView.swift */; };
		66FC622A20519BBD001BE479 /* M4AFileSheet.swift in Sources */ = {isa = PBXBuildFile; fileRef = 66FC622920519BBD001BE479 /* M4AFileSheet.swift */; };
		66FC622C2051FC1E001BE479 /* Song.swift in Sources */ = {isa = PBXBuildFile; fileRef = 66FC622B2051FC1E001BE479 /* Song.swift */; };
/* End PBXBuildFile section */

/* Begin PBXContainerItemProxy section */
		66DBC9D42035F912008B0933 /* PBXContainerItemProxy */ = {
			isa = PBXContainerItemProxy;
			containerPortal = 66DBC9BB2035F912008B0933 /* Project object */;
			proxyType = 1;
			remoteGlobalIDString = 66DBC9C22035F912008B0933;
			remoteInfo = Musicler;
		};
/* End PBXContainerItemProxy section */

/* Begin PBXCopyFilesBuildPhase section */
		66C98EFA2051FEF9008FDE02 /* Embed Frameworks */ = {
			isa = PBXCopyFilesBuildPhase;
			buildActionMask = 2147483647;
			dstPath = "";
			dstSubfolderSpec = 10;
			files = (
				66C98EF72051FEF9008FDE02 /* SwiftyJSON.framework in Embed Frameworks */,
				66C98EF92051FEF9008FDE02 /* M4ATools.framework in Embed Frameworks */,
			);
			name = "Embed Frameworks";
			runOnlyForDeploymentPostprocessing = 0;
		};
/* End PBXCopyFilesBuildPhase section */

/* Begin PBXFileReference section */
		669FF014204F508700E899E3 /* Cartfile */ = {isa = PBXFileReference; lastKnownFileType = text; path = Cartfile; sourceTree = "<group>"; };
		66C98EEE2051FED1008FDE02 /* M4ATools.framework */ = {isa = PBXFileReference; lastKnownFileType = wrapper.framework; name = M4ATools.framework; path = Carthage/Build/Mac/M4ATools.framework; sourceTree = "<group>"; };
		66C98EF02051FEE5008FDE02 /* SwiftyJSON.framework */ = {isa = PBXFileReference; lastKnownFileType = wrapper.framework; name = SwiftyJSON.framework; path = Carthage/Build/Mac/SwiftyJSON.framework; sourceTree = "<group>"; };
		66C98EFB2051FF22008FDE02 /* iTunesSearcher.swift */ = {isa = PBXFileReference; lastKnownFileType = sourcecode.swift; path = iTunesSearcher.swift; sourceTree = "<group>"; };
		66DBC9C32035F912008B0933 /* Musicler.app */ = {isa = PBXFileReference; explicitFileType = wrapper.application; includeInIndex = 0; path = Musicler.app; sourceTree = BUILT_PRODUCTS_DIR; };
		66DBC9C62035F912008B0933 /* AppDelegate.swift */ = {isa = PBXFileReference; lastKnownFileType = sourcecode.swift; path = AppDelegate.swift; sourceTree = "<group>"; };
		66DBC9C82035F912008B0933 /* Assets.xcassets */ = {isa = PBXFileReference; lastKnownFileType = folder.assetcatalog; path = Assets.xcassets; sourceTree = "<group>"; };
		66DBC9CD2035F912008B0933 /* Info.plist */ = {isa = PBXFileReference; lastKnownFileType = text.plist.xml; path = Info.plist; sourceTree = "<group>"; };
		66DBC9CE2035F912008B0933 /* Musicler.entitlements */ = {isa = PBXFileReference; lastKnownFileType = text.plist.entitlements; path = Musicler.entitlements; sourceTree = "<group>"; };
		66DBC9D32035F912008B0933 /* MusiclerTests.xctest */ = {isa = PBXFileReference; explicitFileType = wrapper.cfbundle; includeInIndex = 0; path = MusiclerTests.xctest; sourceTree = BUILT_PRODUCTS_DIR; };
		66DBC9D72035F912008B0933 /* MusiclerTests.swift */ = {isa = PBXFileReference; lastKnownFileType = sourcecode.swift; path = MusiclerTests.swift; sourceTree = "<group>"; };
		66DBC9D92035F912008B0933 /* Info.plist */ = {isa = PBXFileReference; lastKnownFileType = text.plist.xml; path = Info.plist; sourceTree = "<group>"; };
		66DBC9E32035F9DB008B0933 /* LICENSE */ = {isa = PBXFileReference; lastKnownFileType = text; path = LICENSE; sourceTree = "<group>"; };
		66DBC9E42035F9F8008B0933 /* README.md */ = {isa = PBXFileReference; lastKnownFileType = net.daringfireball.markdown; path = README.md; sourceTree = "<group>"; };
		66DBC9E52035FA27008B0933 /* .gitignore */ = {isa = PBXFileReference; lastKnownFileType = text; path = .gitignore; sourceTree = "<group>"; };
		66FC622320519996001BE479 /* Main.storyboard */ = {isa = PBXFileReference; fileEncoding = 4; lastKnownFileType = file.storyboard; path = Main.storyboard; sourceTree = "<group>"; };
		66FC622520519A2D001BE479 /* MusicDropViewController.swift */ = {isa = PBXFileReference; lastKnownFileType = sourcecode.swift; path = MusicDropViewController.swift; sourceTree = "<group>"; };
		66FC622720519ACB001BE479 /* MusicDropView.swift */ = {isa = PBXFileReference; lastKnownFileType = sourcecode.swift; path = MusicDropView.swift; sourceTree = "<group>"; };
		66FC622920519BBD001BE479 /* M4AFileSheet.swift */ = {isa = PBXFileReference; lastKnownFileType = sourcecode.swift; path = M4AFileSheet.swift; sourceTree = "<group>"; };
		66FC622B2051FC1E001BE479 /* Song.swift */ = {isa = PBXFileReference; lastKnownFileType = sourcecode.swift; path = Song.swift; sourceTree = "<group>"; };
/* End PBXFileReference section */

/* Begin PBXFrameworksBuildPhase section */
		66DBC9C02035F912008B0933 /* Frameworks */ = {
			isa = PBXFrameworksBuildPhase;
			buildActionMask = 2147483647;
			files = (
				66C98EF62051FEF9008FDE02 /* SwiftyJSON.framework in Frameworks */,
				66C98EF82051FEF9008FDE02 /* M4ATools.framework in Frameworks */,
			);
			runOnlyForDeploymentPostprocessing = 0;
		};
		66DBC9D02035F912008B0933 /* Frameworks */ = {
			isa = PBXFrameworksBuildPhase;
			buildActionMask = 2147483647;
			files = (
			);
			runOnlyForDeploymentPostprocessing = 0;
		};
/* End PBXFrameworksBuildPhase section */

/* Begin PBXGroup section */
		66DBC9BA2035F912008B0933 = {
			isa = PBXGroup;
			children = (
				66DBC9E52035FA27008B0933 /* .gitignore */,
				669FF014204F508700E899E3 /* Cartfile */,
				66DBC9E42035F9F8008B0933 /* README.md */,
				66DBC9E32035F9DB008B0933 /* LICENSE */,
				66DBC9C52035F912008B0933 /* Musicler */,
				66DBC9D62035F912008B0933 /* MusiclerTests */,
				66DBC9C42035F912008B0933 /* Products */,
				66FC622F2051FE77001BE479 /* Frameworks */,
			);
			sourceTree = "<group>";
		};
		66DBC9C42035F912008B0933 /* Products */ = {
			isa = PBXGroup;
			children = (
				66DBC9C32035F912008B0933 /* Musicler.app */,
				66DBC9D32035F912008B0933 /* MusiclerTests.xctest */,
			);
			name = Products;
			sourceTree = "<group>";
		};
		66DBC9C52035F912008B0933 /* Musicler */ = {
			isa = PBXGroup;
			children = (
				66DBC9C62035F912008B0933 /* AppDelegate.swift */,
				66DBC9C82035F912008B0933 /* Assets.xcassets */,
				66FC622320519996001BE479 /* Main.storyboard */,
				66FC622520519A2D001BE479 /* MusicDropViewController.swift */,
				66FC622720519ACB001BE479 /* MusicDropView.swift */,
				66FC622920519BBD001BE479 /* M4AFileSheet.swift */,
				66DBC9CD2035F912008B0933 /* Info.plist */,
				66DBC9CE2035F912008B0933 /* Musicler.entitlements */,
				66FC622B2051FC1E001BE479 /* Song.swift */,
				66C98EFB2051FF22008FDE02 /* iTunesSearcher.swift */,
			);
			path = Musicler;
			sourceTree = "<group>";
		};
		66DBC9D62035F912008B0933 /* MusiclerTests */ = {
			isa = PBXGroup;
			children = (
				66DBC9D72035F912008B0933 /* MusiclerTests.swift */,
				66DBC9D92035F912008B0933 /* Info.plist */,
			);
			path = MusiclerTests;
			sourceTree = "<group>";
		};
		66FC622F2051FE77001BE479 /* Frameworks */ = {
			isa = PBXGroup;
			children = (
				66C98EF02051FEE5008FDE02 /* SwiftyJSON.framework */,
				66C98EEE2051FED1008FDE02 /* M4ATools.framework */,
			);
			name = Frameworks;
			sourceTree = "<group>";
		};
/* End PBXGroup section */

/* Begin PBXNativeTarget section */
		66DBC9C22035F912008B0933 /* Musicler */ = {
			isa = PBXNativeTarget;
			buildConfigurationList = 66DBC9DC2035F912008B0933 /* Build configuration list for PBXNativeTarget "Musicler" */;
			buildPhases = (
				66DBC9BF2035F912008B0933 /* Sources */,
				66DBC9C02035F912008B0933 /* Frameworks */,
				66DBC9C12035F912008B0933 /* Resources */,
				66C98EFA2051FEF9008FDE02 /* Embed Frameworks */,
			);
			buildRules = (
			);
			dependencies = (
			);
			name = Musicler;
			productName = Musicler;
			productReference = 66DBC9C32035F912008B0933 /* Musicler.app */;
			productType = "com.apple.product-type.application";
		};
		66DBC9D22035F912008B0933 /* MusiclerTests */ = {
			isa = PBXNativeTarget;
			buildConfigurationList = 66DBC9DF2035F912008B0933 /* Build configuration list for PBXNativeTarget "MusiclerTests" */;
			buildPhases = (
				66DBC9CF2035F912008B0933 /* Sources */,
				66DBC9D02035F912008B0933 /* Frameworks */,
				66DBC9D12035F912008B0933 /* Resources */,
			);
			buildRules = (
			);
			dependencies = (
				66DBC9D52035F912008B0933 /* PBXTargetDependency */,
			);
			name = MusiclerTests;
			productName = MusiclerTests;
			productReference = 66DBC9D32035F912008B0933 /* MusiclerTests.xctest */;
			productType = "com.apple.product-type.bundle.unit-test";
		};
/* End PBXNativeTarget section */

/* Begin PBXProject section */
		66DBC9BB2035F912008B0933 /* Project object */ = {
			isa = PBXProject;
			attributes = {
				LastSwiftUpdateCheck = 0920;
				LastUpgradeCheck = 0920;
				ORGANIZATIONNAME = "Andrew Hyatt";
				TargetAttributes = {
					66DBC9C22035F912008B0933 = {
						CreatedOnToolsVersion = 9.2;
						ProvisioningStyle = Automatic;
						SystemCapabilities = {
							com.apple.Sandbox = {
								enabled = 1;
							};
						};
					};
					66DBC9D22035F912008B0933 = {
						CreatedOnToolsVersion = 9.2;
						ProvisioningStyle = Automatic;
						TestTargetID = 66DBC9C22035F912008B0933;
					};
				};
			};
			buildConfigurationList = 66DBC9BE2035F912008B0933 /* Build configuration list for PBXProject "Musicler" */;
			compatibilityVersion = "Xcode 8.0";
			developmentRegion = en;
			hasScannedForEncodings = 0;
			knownRegions = (
				en,
				Base,
			);
			mainGroup = 66DBC9BA2035F912008B0933;
			productRefGroup = 66DBC9C42035F912008B0933 /* Products */;
			projectDirPath = "";
			projectRoot = "";
			targets = (
				66DBC9C22035F912008B0933 /* Musicler */,
				66DBC9D22035F912008B0933 /* MusiclerTests */,
			);
		};
/* End PBXProject section */

/* Begin PBXResourcesBuildPhase section */
		66DBC9C12035F912008B0933 /* Resources */ = {
			isa = PBXResourcesBuildPhase;
			buildActionMask = 2147483647;
			files = (
				66DBC9C92035F912008B0933 /* Assets.xcassets in Resources */,
				66FC622420519996001BE479 /* Main.storyboard in Resources */,
			);
			runOnlyForDeploymentPostprocessing = 0;
		};
		66DBC9D12035F912008B0933 /* Resources */ = {
			isa = PBXResourcesBuildPhase;
			buildActionMask = 2147483647;
			files = (
			);
			runOnlyForDeploymentPostprocessing = 0;
		};
/* End PBXResourcesBuildPhase section */

/* Begin PBXSourcesBuildPhase section */
		66DBC9BF2035F912008B0933 /* Sources */ = {
			isa = PBXSourcesBuildPhase;
			buildActionMask = 2147483647;
			files = (
				66FC622A20519BBD001BE479 /* M4AFileSheet.swift in Sources */,
				66DBC9C72035F912008B0933 /* AppDelegate.swift in Sources */,
				66C98EFC2051FF22008FDE02 /* iTunesSearcher.swift in Sources */,
				66FC622620519A2D001BE479 /* MusicDropViewController.swift in Sources */,
				66FC622820519ACB001BE479 /* MusicDropView.swift in Sources */,
				66FC622C2051FC1E001BE479 /* Song.swift in Sources */,
			);
			runOnlyForDeploymentPostprocessing = 0;
		};
		66DBC9CF2035F912008B0933 /* Sources */ = {
			isa = PBXSourcesBuildPhase;
			buildActionMask = 2147483647;
			files = (
				66DBC9D82035F912008B0933 /* MusiclerTests.swift in Sources */,
			);
			runOnlyForDeploymentPostprocessing = 0;
		};
/* End PBXSourcesBuildPhase section */

/* Begin PBXTargetDependency section */
		66DBC9D52035F912008B0933 /* PBXTargetDependency */ = {
			isa = PBXTargetDependency;
			target = 66DBC9C22035F912008B0933 /* Musicler */;
			targetProxy = 66DBC9D42035F912008B0933 /* PBXContainerItemProxy */;
		};
/* End PBXTargetDependency section */

/* Begin XCBuildConfiguration section */
		66DBC9DA2035F912008B0933 /* Debug */ = {
			isa = XCBuildConfiguration;
			buildSettings = {
				ALWAYS_SEARCH_USER_PATHS = NO;
				CLANG_ANALYZER_NONNULL = YES;
				CLANG_ANALYZER_NUMBER_OBJECT_CONVERSION = YES_AGGRESSIVE;
				CLANG_CXX_LANGUAGE_STANDARD = "gnu++14";
				CLANG_CXX_LIBRARY = "libc++";
				CLANG_ENABLE_MODULES = YES;
				CLANG_ENABLE_OBJC_ARC = YES;
				CLANG_WARN_BLOCK_CAPTURE_AUTORELEASING = YES;
				CLANG_WARN_BOOL_CONVERSION = YES;
				CLANG_WARN_COMMA = YES;
				CLANG_WARN_CONSTANT_CONVERSION = YES;
				CLANG_WARN_DIRECT_OBJC_ISA_USAGE = YES_ERROR;
				CLANG_WARN_DOCUMENTATION_COMMENTS = YES;
				CLANG_WARN_EMPTY_BODY = YES;
				CLANG_WARN_ENUM_CONVERSION = YES;
				CLANG_WARN_INFINITE_RECURSION = YES;
				CLANG_WARN_INT_CONVERSION = YES;
				CLANG_WARN_NON_LITERAL_NULL_CONVERSION = YES;
				CLANG_WARN_OBJC_LITERAL_CONVERSION = YES;
				CLANG_WARN_OBJC_ROOT_CLASS = YES_ERROR;
				CLANG_WARN_RANGE_LOOP_ANALYSIS = YES;
				CLANG_WARN_STRICT_PROTOTYPES = YES;
				CLANG_WARN_SUSPICIOUS_MOVE = YES;
				CLANG_WARN_UNGUARDED_AVAILABILITY = YES_AGGRESSIVE;
				CLANG_WARN_UNREACHABLE_CODE = YES;
				CLANG_WARN__DUPLICATE_METHOD_MATCH = YES;
				CODE_SIGN_IDENTITY = "Mac Developer";
				COPY_PHASE_STRIP = NO;
				DEBUG_INFORMATION_FORMAT = dwarf;
				ENABLE_STRICT_OBJC_MSGSEND = YES;
				ENABLE_TESTABILITY = YES;
				GCC_C_LANGUAGE_STANDARD = gnu11;
				GCC_DYNAMIC_NO_PIC = NO;
				GCC_NO_COMMON_BLOCKS = YES;
				GCC_OPTIMIZATION_LEVEL = 0;
				GCC_PREPROCESSOR_DEFINITIONS = (
					"DEBUG=1",
					"$(inherited)",
				);
				GCC_WARN_64_TO_32_BIT_CONVERSION = YES;
				GCC_WARN_ABOUT_RETURN_TYPE = YES_ERROR;
				GCC_WARN_UNDECLARED_SELECTOR = YES;
				GCC_WARN_UNINITIALIZED_AUTOS = YES_AGGRESSIVE;
				GCC_WARN_UNUSED_FUNCTION = YES;
				GCC_WARN_UNUSED_VARIABLE = YES;
				MACOSX_DEPLOYMENT_TARGET = 10.13;
				MTL_ENABLE_DEBUG_INFO = YES;
				ONLY_ACTIVE_ARCH = YES;
				SDKROOT = macosx;
				SWIFT_ACTIVE_COMPILATION_CONDITIONS = DEBUG;
				SWIFT_OPTIMIZATION_LEVEL = "-Onone";
			};
			name = Debug;
		};
		66DBC9DB2035F912008B0933 /* Release */ = {
			isa = XCBuildConfiguration;
			buildSettings = {
				ALWAYS_SEARCH_USER_PATHS = NO;
				CLANG_ANALYZER_NONNULL = YES;
				CLANG_ANALYZER_NUMBER_OBJECT_CONVERSION = YES_AGGRESSIVE;
				CLANG_CXX_LANGUAGE_STANDARD = "gnu++14";
				CLANG_CXX_LIBRARY = "libc++";
				CLANG_ENABLE_MODULES = YES;
				CLANG_ENABLE_OBJC_ARC = YES;
				CLANG_WARN_BLOCK_CAPTURE_AUTORELEASING = YES;
				CLANG_WARN_BOOL_CONVERSION = YES;
				CLANG_WARN_COMMA = YES;
				CLANG_WARN_CONSTANT_CONVERSION = YES;
				CLANG_WARN_DIRECT_OBJC_ISA_USAGE = YES_ERROR;
				CLANG_WARN_DOCUMENTATION_COMMENTS = YES;
				CLANG_WARN_EMPTY_BODY = YES;
				CLANG_WARN_ENUM_CONVERSION = YES;
				CLANG_WARN_INFINITE_RECURSION = YES;
				CLANG_WARN_INT_CONVERSION = YES;
				CLANG_WARN_NON_LITERAL_NULL_CONVERSION = YES;
				CLANG_WARN_OBJC_LITERAL_CONVERSION = YES;
				CLANG_WARN_OBJC_ROOT_CLASS = YES_ERROR;
				CLANG_WARN_RANGE_LOOP_ANALYSIS = YES;
				CLANG_WARN_STRICT_PROTOTYPES = YES;
				CLANG_WARN_SUSPICIOUS_MOVE = YES;
				CLANG_WARN_UNGUARDED_AVAILABILITY = YES_AGGRESSIVE;
				CLANG_WARN_UNREACHABLE_CODE = YES;
				CLANG_WARN__DUPLICATE_METHOD_MATCH = YES;
				CODE_SIGN_IDENTITY = "Mac Developer";
				COPY_PHASE_STRIP = NO;
				DEBUG_INFORMATION_FORMAT = "dwarf-with-dsym";
				ENABLE_NS_ASSERTIONS = NO;
				ENABLE_STRICT_OBJC_MSGSEND = YES;
				GCC_C_LANGUAGE_STANDARD = gnu11;
				GCC_NO_COMMON_BLOCKS = YES;
				GCC_WARN_64_TO_32_BIT_CONVERSION = YES;
				GCC_WARN_ABOUT_RETURN_TYPE = YES_ERROR;
				GCC_WARN_UNDECLARED_SELECTOR = YES;
				GCC_WARN_UNINITIALIZED_AUTOS = YES_AGGRESSIVE;
				GCC_WARN_UNUSED_FUNCTION = YES;
				GCC_WARN_UNUSED_VARIABLE = YES;
				MACOSX_DEPLOYMENT_TARGET = 10.13;
				MTL_ENABLE_DEBUG_INFO = NO;
				SDKROOT = macosx;
				SWIFT_OPTIMIZATION_LEVEL = "-Owholemodule";
			};
			name = Release;
		};
		66DBC9DD2035F912008B0933 /* Debug */ = {
			isa = XCBuildConfiguration;
			buildSettings = {
				ASSETCATALOG_COMPILER_APPICON_NAME = AppIcon;
				CODE_SIGN_ENTITLEMENTS = Musicler/Musicler.entitlements;
				CODE_SIGN_STYLE = Automatic;
				COMBINE_HIDPI_IMAGES = YES;
				DEVELOPMENT_TEAM = TGZ526AV87;
				FRAMEWORK_SEARCH_PATHS = (
					"$(inherited)",
					"$(PROJECT_DIR)/Carthage/Build/Mac",
				);
				INFOPLIST_FILE = Musicler/Info.plist;
				LD_RUNPATH_SEARCH_PATHS = "$(inherited) @executable_path/../Frameworks";
				PRODUCT_BUNDLE_IDENTIFIER = io.github.ahyattdev.Musicler;
				PRODUCT_NAME = "$(TARGET_NAME)";
				SWIFT_VERSION = 4.0;
			};
			name = Debug;
		};
		66DBC9DE2035F912008B0933 /* Release */ = {
			isa = XCBuildConfiguration;
			buildSettings = {
				ASSETCATALOG_COMPILER_APPICON_NAME = AppIcon;
				CODE_SIGN_ENTITLEMENTS = Musicler/Musicler.entitlements;
				CODE_SIGN_STYLE = Automatic;
				COMBINE_HIDPI_IMAGES = YES;
				DEVELOPMENT_TEAM = TGZ526AV87;
				FRAMEWORK_SEARCH_PATHS = (
					"$(inherited)",
					"$(PROJECT_DIR)/Carthage/Build/Mac",
				);
				INFOPLIST_FILE = Musicler/Info.plist;
				LD_RUNPATH_SEARCH_PATHS = "$(inherited) @executable_path/../Frameworks";
				PRODUCT_BUNDLE_IDENTIFIER = io.github.ahyattdev.Musicler;
				PRODUCT_NAME = "$(TARGET_NAME)";
				SWIFT_VERSION = 4.0;
			};
			name = Release;
		};
		66DBC9E02035F912008B0933 /* Debug */ = {
			isa = XCBuildConfiguration;
			buildSettings = {
				ALWAYS_EMBED_SWIFT_STANDARD_LIBRARIES = YES;
				BUNDLE_LOADER = "$(TEST_HOST)";
				CODE_SIGN_STYLE = Automatic;
				COMBINE_HIDPI_IMAGES = YES;
				DEVELOPMENT_TEAM = TGZ526AV87;
				INFOPLIST_FILE = MusiclerTests/Info.plist;
				LD_RUNPATH_SEARCH_PATHS = "$(inherited) @executable_path/../Frameworks @loader_path/../Frameworks";
				PRODUCT_BUNDLE_IDENTIFIER = io.github.ahyattdev.MusiclerTests;
				PRODUCT_NAME = "$(TARGET_NAME)";
				SWIFT_VERSION = 4.0;
				TEST_HOST = "$(BUILT_PRODUCTS_DIR)/Musicler.app/Contents/MacOS/Musicler";
			};
			name = Debug;
		};
		66DBC9E12035F912008B0933 /* Release */ = {
			isa = XCBuildConfiguration;
			buildSettings = {
				ALWAYS_EMBED_SWIFT_STANDARD_LIBRARIES = YES;
				BUNDLE_LOADER = "$(TEST_HOST)";
				CODE_SIGN_STYLE = Automatic;
				COMBINE_HIDPI_IMAGES = YES;
				DEVELOPMENT_TEAM = TGZ526AV87;
				INFOPLIST_FILE = MusiclerTests/Info.plist;
				LD_RUNPATH_SEARCH_PATHS = "$(inherited) @executable_path/../Frameworks @loader_path/../Frameworks";
				PRODUCT_BUNDLE_IDENTIFIER = io.github.ahyattdev.MusiclerTests;
				PRODUCT_NAME = "$(TARGET_NAME)";
				SWIFT_VERSION = 4.0;
				TEST_HOST = "$(BUILT_PRODUCTS_DIR)/Musicler.app/Contents/MacOS/Musicler";
			};
			name = Release;
		};
/* End XCBuildConfiguration section */

/* Begin XCConfigurationList section */
		66DBC9BE2035F912008B0933 /* Build configuration list for PBXProject "Musicler" */ = {
			isa = XCConfigurationList;
			buildConfigurations = (
				66DBC9DA2035F912008B0933 /* Debug */,
				66DBC9DB2035F912008B0933 /* Release */,
			);
			defaultConfigurationIsVisible = 0;
			defaultConfigurationName = Release;
		};
		66DBC9DC2035F912008B0933 /* Build configuration list for PBXNativeTarget "Musicler" */ = {
			isa = XCConfigurationList;
			buildConfigurations = (
				66DBC9DD2035F912008B0933 /* Debug */,
				66DBC9DE2035F912008B0933 /* Release */,
			);
			defaultConfigurationIsVisible = 0;
			defaultConfigurationName = Release;
		};
		66DBC9DF2035F912008B0933 /* Build configuration list for PBXNativeTarget "MusiclerTests" */ = {
			isa = XCConfigurationList;
			buildConfigurations = (
				66DBC9E02035F912008B0933 /* Debug */,
				66DBC9E12035F912008B0933 /* Release */,
			);
			defaultConfigurationIsVisible = 0;
			defaultConfigurationName = Release;
		};
/* End XCConfigurationList section */
	};
	rootObject = 66DBC9BB2035F912008B0933 /* Project object */;
}
